// !$*UTF8*$!
{
	archiveVersion = 1;
	classes = {
	};
	objectVersion = 56;
	objects = {

/* Begin PBXBuildFile section */
		991ADE4229143D5800E1CBF2 /* AppDelegate.swift in Sources */ = {isa = PBXBuildFile; fileRef = 991ADE4129143D5800E1CBF2 /* AppDelegate.swift */; };
		991ADE4429143D5800E1CBF2 /* SceneDelegate.swift in Sources */ = {isa = PBXBuildFile; fileRef = 991ADE4329143D5800E1CBF2 /* SceneDelegate.swift */; };
		991ADE4629143D5800E1CBF2 /* TodoListViewController.swift in Sources */ = {isa = PBXBuildFile; fileRef = 991ADE4529143D5800E1CBF2 /* TodoListViewController.swift */; };
		991ADE4929143D5800E1CBF2 /* Main.storyboard in Resources */ = {isa = PBXBuildFile; fileRef = 991ADE4729143D5800E1CBF2 /* Main.storyboard */; };
		991ADE4B29143D5A00E1CBF2 /* Assets.xcassets in Resources */ = {isa = PBXBuildFile; fileRef = 991ADE4A29143D5A00E1CBF2 /* Assets.xcassets */; };
		991ADE4E29143D5A00E1CBF2 /* LaunchScreen.storyboard in Resources */ = {isa = PBXBuildFile; fileRef = 991ADE4C29143D5A00E1CBF2 /* LaunchScreen.storyboard */; };
		991ADE5A2918531100E1CBF2 /* DataModel.xcdatamodeld in Sources */ = {isa = PBXBuildFile; fileRef = 991ADE582918531100E1CBF2 /* DataModel.xcdatamodeld */; };
		993A52E7291B7699002977E8 /* CategoryViewController.swift in Sources */ = {isa = PBXBuildFile; fileRef = 993A52E6291B7699002977E8 /* CategoryViewController.swift */; };
/* End PBXBuildFile section */

/* Begin PBXFileReference section */
		991ADE3E29143D5800E1CBF2 /* Todoeey.app */ = {isa = PBXFileReference; explicitFileType = wrapper.application; includeInIndex = 0; path = Todoeey.app; sourceTree = BUILT_PRODUCTS_DIR; };
		991ADE4129143D5800E1CBF2 /* AppDelegate.swift */ = {isa = PBXFileReference; lastKnownFileType = sourcecode.swift; path = AppDelegate.swift; sourceTree = "<group>"; };
		991ADE4329143D5800E1CBF2 /* SceneDelegate.swift */ = {isa = PBXFileReference; lastKnownFileType = sourcecode.swift; path = SceneDelegate.swift; sourceTree = "<group>"; };
		991ADE4529143D5800E1CBF2 /* TodoListViewController.swift */ = {isa = PBXFileReference; lastKnownFileType = sourcecode.swift; path = TodoListViewController.swift; sourceTree = "<group>"; };
		991ADE4829143D5800E1CBF2 /* Base */ = {isa = PBXFileReference; lastKnownFileType = file.storyboard; name = Base; path = Base.lproj/Main.storyboard; sourceTree = "<group>"; };
		991ADE4A29143D5A00E1CBF2 /* Assets.xcassets */ = {isa = PBXFileReference; lastKnownFileType = folder.assetcatalog; path = Assets.xcassets; sourceTree = "<group>"; };
		991ADE4D29143D5A00E1CBF2 /* Base */ = {isa = PBXFileReference; lastKnownFileType = file.storyboard; name = Base; path = Base.lproj/LaunchScreen.storyboard; sourceTree = "<group>"; };
		991ADE4F29143D5A00E1CBF2 /* Info.plist */ = {isa = PBXFileReference; lastKnownFileType = text.plist.xml; path = Info.plist; sourceTree = "<group>"; };
		991ADE592918531100E1CBF2 /* DataModel.xcdatamodel */ = {isa = PBXFileReference; lastKnownFileType = wrapper.xcdatamodel; path = DataModel.xcdatamodel; sourceTree = "<group>"; };
		993A52E6291B7699002977E8 /* CategoryViewController.swift */ = {isa = PBXFileReference; lastKnownFileType = sourcecode.swift; path = CategoryViewController.swift; sourceTree = "<group>"; };
/* End PBXFileReference section */

/* Begin PBXFrameworksBuildPhase section */
		991ADE3B29143D5800E1CBF2 /* Frameworks */ = {
			isa = PBXFrameworksBuildPhase;
			buildActionMask = 2147483647;
			files = (
			);
			runOnlyForDeploymentPostprocessing = 0;
		};
/* End PBXFrameworksBuildPhase section */

/* Begin PBXGroup section */
		991ADE3529143D5800E1CBF2 = {
			isa = PBXGroup;
			children = (
				991ADE4029143D5800E1CBF2 /* Todoeey */,
				991ADE3F29143D5800E1CBF2 /* Products */,
			);
			sourceTree = "<group>";
		};
		991ADE3F29143D5800E1CBF2 /* Products */ = {
			isa = PBXGroup;
			children = (
				991ADE3E29143D5800E1CBF2 /* Todoeey.app */,
			);
			name = Products;
			sourceTree = "<group>";
		};
		991ADE4029143D5800E1CBF2 /* Todoeey */ = {
			isa = PBXGroup;
			children = (
				991ADE55291649B700E1CBF2 /* Models */,
				991ADE4129143D5800E1CBF2 /* AppDelegate.swift */,
				991ADE4329143D5800E1CBF2 /* SceneDelegate.swift */,
				993A52E6291B7699002977E8 /* CategoryViewController.swift */,
				991ADE4529143D5800E1CBF2 /* TodoListViewController.swift */,
				991ADE4729143D5800E1CBF2 /* Main.storyboard */,
				991ADE4A29143D5A00E1CBF2 /* Assets.xcassets */,
				991ADE4C29143D5A00E1CBF2 /* LaunchScreen.storyboard */,
				991ADE4F29143D5A00E1CBF2 /* Info.plist */,
			);
			path = Todoeey;
			sourceTree = "<group>";
		};
		991ADE55291649B700E1CBF2 /* Models */ = {
			isa = PBXGroup;
			children = (
				991ADE582918531100E1CBF2 /* DataModel.xcdatamodeld */,
			);
			path = Models;
			sourceTree = "<group>";
		};
/* End PBXGroup section */

/* Begin PBXNativeTarget section */
		991ADE3D29143D5800E1CBF2 /* Todoeey */ = {
			isa = PBXNativeTarget;
			buildConfigurationList = 991ADE5229143D5A00E1CBF2 /* Build configuration list for PBXNativeTarget "Todoeey" */;
			buildPhases = (
				991ADE3A29143D5800E1CBF2 /* Sources */,
				991ADE3B29143D5800E1CBF2 /* Frameworks */,
				991ADE3C29143D5800E1CBF2 /* Resources */,
			);
			buildRules = (
			);
			dependencies = (
			);
			name = Todoeey;
			productName = Todoeey;
			productReference = 991ADE3E29143D5800E1CBF2 /* Todoeey.app */;
			productType = "com.apple.product-type.application";
		};
/* End PBXNativeTarget section */

/* Begin PBXProject section */
		991ADE3629143D5800E1CBF2 /* Project object */ = {
			isa = PBXProject;
			attributes = {
				BuildIndependentTargetsInParallel = 1;
				LastSwiftUpdateCheck = 1410;
				LastUpgradeCheck = 1410;
				TargetAttributes = {
					991ADE3D29143D5800E1CBF2 = {
						CreatedOnToolsVersion = 14.1;
					};
				};
			};
			buildConfigurationList = 991ADE3929143D5800E1CBF2 /* Build configuration list for PBXProject "Todoeey" */;
			compatibilityVersion = "Xcode 14.0";
			developmentRegion = en;
			hasScannedForEncodings = 0;
			knownRegions = (
				en,
				Base,
			);
			mainGroup = 991ADE3529143D5800E1CBF2;
			productRefGroup = 991ADE3F29143D5800E1CBF2 /* Products */;
			projectDirPath = "";
			projectRoot = "";
			targets = (
				991ADE3D29143D5800E1CBF2 /* Todoeey */,
			);
		};
/* End PBXProject section */

/* Begin PBXResourcesBuildPhase section */
		991ADE3C29143D5800E1CBF2 /* Resources */ = {
			isa = PBXResourcesBuildPhase;
			buildActionMask = 2147483647;
			files = (
				991ADE4E29143D5A00E1CBF2 /* LaunchScreen.storyboard in Resources */,
				991ADE4B29143D5A00E1CBF2 /* Assets.xcassets in Resources */,
				991ADE4929143D5800E1CBF2 /* Main.storyboard in Resources */,
			);
			runOnlyForDeploymentPostprocessing = 0;
		};
/* End PBXResourcesBuildPhase section */

/* Begin PBXSourcesBuildPhase section */
		991ADE3A29143D5800E1CBF2 /* Sources */ = {
			isa = PBXSourcesBuildPhase;
			buildActionMask = 2147483647;
			files = (
				993A52E7291B7699002977E8 /* CategoryViewController.swift in Sources */,
				991ADE4629143D5800E1CBF2 /* TodoListViewController.swift in Sources */,
				991ADE5A2918531100E1CBF2 /* DataModel.xcdatamodeld in Sources */,
				991ADE4229143D5800E1CBF2 /* AppDelegate.swift in Sources */,
				991ADE4429143D5800E1CBF2 /* SceneDelegate.swift in Sources */,
			);
			runOnlyForDeploymentPostprocessing = 0;
		};
/* End PBXSourcesBuildPhase section */

/* Begin PBXVariantGroup section */
		991ADE4729143D5800E1CBF2 /* Main.storyboard */ = {
			isa = PBXVariantGroup;
			children = (
				991ADE4829143D5800E1CBF2 /* Base */,
			);
			name = Main.storyboard;
			sourceTree = "<group>";
		};
		991ADE4C29143D5A00E1CBF2 /* LaunchScreen.storyboard */ = {
			isa = PBXVariantGroup;
			children = (
				991ADE4D29143D5A00E1CBF2 /* Base */,
			);
			name = LaunchScreen.storyboard;
			sourceTree = "<group>";
		};
/* End PBXVariantGroup section */

/* Begin XCBuildConfiguration section */
		991ADE5029143D5A00E1CBF2 /* Debug */ = {
			isa = XCBuildConfiguration;
			buildSettings = {
				ALWAYS_SEARCH_USER_PATHS = NO;
				CLANG_ANALYZER_NONNULL = YES;
				CLANG_ANALYZER_NUMBER_OBJECT_CONVERSION = YES_AGGRESSIVE;
				CLANG_CXX_LANGUAGE_STANDARD = "gnu++20";
				CLANG_ENABLE_MODULES = YES;
				CLANG_ENABLE_OBJC_ARC = YES;
				CLANG_ENABLE_OBJC_WEAK = YES;
				CLANG_WARN_BLOCK_CAPTURE_AUTORELEASING = YES;
				CLANG_WARN_BOOL_CONVERSION = YES;
				CLANG_WARN_COMMA = YES;
				CLANG_WARN_CONSTANT_CONVERSION = YES;
				CLANG_WARN_DEPRECATED_OBJC_IMPLEMENTATIONS = YES;
				CLANG_WARN_DIRECT_OBJC_ISA_USAGE = YES_ERROR;
				CLANG_WARN_DOCUMENTATION_COMMENTS = YES;
				CLANG_WARN_EMPTY_BODY = YES;
				CLANG_WARN_ENUM_CONVERSION = YES;
				CLANG_WARN_INFINITE_RECURSION = YES;
				CLANG_WARN_INT_CONVERSION = YES;
				CLANG_WARN_NON_LITERAL_NULL_CONVERSION = YES;
				CLANG_WARN_OBJC_IMPLICIT_RETAIN_SELF = YES;
				CLANG_WARN_OBJC_LITERAL_CONVERSION = YES;
				CLANG_WARN_OBJC_ROOT_CLASS = YES_ERROR;
				CLANG_WARN_QUOTED_INCLUDE_IN_FRAMEWORK_HEADER = YES;
				CLANG_WARN_RANGE_LOOP_ANALYSIS = YES;
				CLANG_WARN_STRICT_PROTOTYPES = YES;
				CLANG_WARN_SUSPICIOUS_MOVE = YES;
				CLANG_WARN_UNGUARDED_AVAILABILITY = YES_AGGRESSIVE;
				CLANG_WARN_UNREACHABLE_CODE = YES;
				CLANG_WARN__DUPLICATE_METHOD_MATCH = YES;
				COPY_PHASE_STRIP = NO;
				DEBUG_INFORMATION_FORMAT = dwarf;
				ENABLE_STRICT_OBJC_MSGSEND = YES;
				ENABLE_TESTABILITY = YES;
				GCC_C_LANGUAGE_STANDARD = gnu11;
				GCC_DYNAMIC_NO_PIC = NO;
				GCC_NO_COMMON_BLOCKS = YES;
				GCC_OPTIMIZATION_LEVEL = 0;
				GCC_PREPROCESSOR_DEFINITIONS = (
					"DEBUG=1",
					"$(inherited)",
				);
				GCC_WARN_64_TO_32_BIT_CONVERSION = YES;
				GCC_WARN_ABOUT_RETURN_TYPE = YES_ERROR;
				GCC_WARN_UNDECLARED_SELECTOR = YES;
				GCC_WARN_UNINITIALIZED_AUTOS = YES_AGGRESSIVE;
				GCC_WARN_UNUSED_FUNCTION = YES;
				GCC_WARN_UNUSED_VARIABLE = YES;
				IPHONEOS_DEPLOYMENT_TARGET = 16.1;
				MTL_ENABLE_DEBUG_INFO = INCLUDE_SOURCE;
				MTL_FAST_MATH = YES;
				ONLY_ACTIVE_ARCH = YES;
				SDKROOT = iphoneos;
				SWIFT_ACTIVE_COMPILATION_CONDITIONS = DEBUG;
				SWIFT_OPTIMIZATION_LEVEL = "-Onone";
			};
			name = Debug;
		};
		991ADE5129143D5A00E1CBF2 /* Release */ = {
			isa = XCBuildConfiguration;
			buildSettings = {
				ALWAYS_SEARCH_USER_PATHS = NO;
				CLANG_ANALYZER_NONNULL = YES;
				CLANG_ANALYZER_NUMBER_OBJECT_CONVERSION = YES_AGGRESSIVE;
				CLANG_CXX_LANGUAGE_STANDARD = "gnu++20";
				CLANG_ENABLE_MODULES = YES;
				CLANG_ENABLE_OBJC_ARC = YES;
				CLANG_ENABLE_OBJC_WEAK = YES;
				CLANG_WARN_BLOCK_CAPTURE_AUTORELEASING = YES;
				CLANG_WARN_BOOL_CONVERSION = YES;
				CLANG_WARN_COMMA = YES;
				CLANG_WARN_CONSTANT_CONVERSION = YES;
				CLANG_WARN_DEPRECATED_OBJC_IMPLEMENTATIONS = YES;
				CLANG_WARN_DIRECT_OBJC_ISA_USAGE = YES_ERROR;
				CLANG_WARN_DOCUMENTATION_COMMENTS = YES;
				CLANG_WARN_EMPTY_BODY = YES;
				CLANG_WARN_ENUM_CONVERSION = YES;
				CLANG_WARN_INFINITE_RECURSION = YES;
				CLANG_WARN_INT_CONVERSION = YES;
				CLANG_WARN_NON_LITERAL_NULL_CONVERSION = YES;
				CLANG_WARN_OBJC_IMPLICIT_RETAIN_SELF = YES;
				CLANG_WARN_OBJC_LITERAL_CONVERSION = YES;
				CLANG_WARN_OBJC_ROOT_CLASS = YES_ERROR;
				CLANG_WARN_QUOTED_INCLUDE_IN_FRAMEWORK_HEADER = YES;
				CLANG_WARN_RANGE_LOOP_ANALYSIS = YES;
				CLANG_WARN_STRICT_PROTOTYPES = YES;
				CLANG_WARN_SUSPICIOUS_MOVE = YES;
				CLANG_WARN_UNGUARDED_AVAILABILITY = YES_AGGRESSIVE;
				CLANG_WARN_UNREACHABLE_CODE = YES;
				CLANG_WARN__DUPLICATE_METHOD_MATCH = YES;
				COPY_PHASE_STRIP = NO;
				DEBUG_INFORMATION_FORMAT = "dwarf-with-dsym";
				ENABLE_NS_ASSERTIONS = NO;
				ENABLE_STRICT_OBJC_MSGSEND = YES;
				GCC_C_LANGUAGE_STANDARD = gnu11;
				GCC_NO_COMMON_BLOCKS = YES;
				GCC_WARN_64_TO_32_BIT_CONVERSION = YES;
				GCC_WARN_ABOUT_RETURN_TYPE = YES_ERROR;
				GCC_WARN_UNDECLARED_SELECTOR = YES;
				GCC_WARN_UNINITIALIZED_AUTOS = YES_AGGRESSIVE;
				GCC_WARN_UNUSED_FUNCTION = YES;
				GCC_WARN_UNUSED_VARIABLE = YES;
				IPHONEOS_DEPLOYMENT_TARGET = 16.1;
				MTL_ENABLE_DEBUG_INFO = NO;
				MTL_FAST_MATH = YES;
				SDKROOT = iphoneos;
				SWIFT_COMPILATION_MODE = wholemodule;
				SWIFT_OPTIMIZATION_LEVEL = "-O";
				VALIDATE_PRODUCT = YES;
			};
			name = Release;
		};
		991ADE5329143D5A00E1CBF2 /* Debug */ = {
			isa = XCBuildConfiguration;
			buildSettings = {
				ASSETCATALOG_COMPILER_APPICON_NAME = AppIcon;
				ASSETCATALOG_COMPILER_GLOBAL_ACCENT_COLOR_NAME = AccentColor;
				CODE_SIGN_STYLE = Automatic;
				CURRENT_PROJECT_VERSION = 1;
				DEVELOPMENT_TEAM = TS579F3X9U;
				GENERATE_INFOPLIST_FILE = YES;
				INFOPLIST_FILE = Todoeey/Info.plist;
				INFOPLIST_KEY_UIApplicationSupportsIndirectInputEvents = YES;
				INFOPLIST_KEY_UILaunchStoryboardName = LaunchScreen;
				INFOPLIST_KEY_UIMainStoryboardFile = Main;
				INFOPLIST_KEY_UISupportedInterfaceOrientations_iPad = "UIInterfaceOrientationPortrait UIInterfaceOrientationPortraitUpsideDown UIInterfaceOrientationLandscapeLeft UIInterfaceOrientationLandscapeRight";
				INFOPLIST_KEY_UISupportedInterfaceOrientations_iPhone = "UIInterfaceOrientationPortrait UIInterfaceOrientationLandscapeLeft UIInterfaceOrientationLandscapeRight";
				LD_RUNPATH_SEARCH_PATHS = (
					"$(inherited)",
					"@executable_path/Frameworks",
				);
				MARKETING_VERSION = 1.0;
				PRODUCT_BUNDLE_IDENTIFIER = co.ibrahimkhalilov.Todoeey;
				PRODUCT_NAME = "$(TARGET_NAME)";
				SWIFT_EMIT_LOC_STRINGS = YES;
				SWIFT_VERSION = 5.0;
				TARGETED_DEVICE_FAMILY = "1,2";
			};
			name = Debug;
		};
		991ADE5429143D5A00E1CBF2 /* Release */ = {
			isa = XCBuildConfiguration;
			buildSettings = {
				ASSETCATALOG_COMPILER_APPICON_NAME = AppIcon;
				ASSETCATALOG_COMPILER_GLOBAL_ACCENT_COLOR_NAME = AccentColor;
				CODE_SIGN_STYLE = Automatic;
				CURRENT_PROJECT_VERSION = 1;
				DEVELOPMENT_TEAM = TS579F3X9U;
				GENERATE_INFOPLIST_FILE = YES;
				INFOPLIST_FILE = Todoeey/Info.plist;
				INFOPLIST_KEY_UIApplicationSupportsIndirectInputEvents = YES;
				INFOPLIST_KEY_UILaunchStoryboardName = LaunchScreen;
				INFOPLIST_KEY_UIMainStoryboardFile = Main;
				INFOPLIST_KEY_UISupportedInterfaceOrientations_iPad = "UIInterfaceOrientationPortrait UIInterfaceOrientationPortraitUpsideDown UIInterfaceOrientationLandscapeLeft UIInterfaceOrientationLandscapeRight";
				INFOPLIST_KEY_UISupportedInterfaceOrientations_iPhone = "UIInterfaceOrientationPortrait UIInterfaceOrientationLandscapeLeft UIInterfaceOrientationLandscapeRight";
				LD_RUNPATH_SEARCH_PATHS = (
					"$(inherited)",
					"@executable_path/Frameworks",
				);
				MARKETING_VERSION = 1.0;
				PRODUCT_BUNDLE_IDENTIFIER = co.ibrahimkhalilov.Todoeey;
				PRODUCT_NAME = "$(TARGET_NAME)";
				SWIFT_EMIT_LOC_STRINGS = YES;
				SWIFT_VERSION = 5.0;
				TARGETED_DEVICE_FAMILY = "1,2";
			};
			name = Release;
		};
/* End XCBuildConfiguration section */

/* Begin XCConfigurationList section */
		991ADE3929143D5800E1CBF2 /* Build configuration list for PBXProject "Todoeey" */ = {
			isa = XCConfigurationList;
			buildConfigurations = (
				991ADE5029143D5A00E1CBF2 /* Debug */,
				991ADE5129143D5A00E1CBF2 /* Release */,
			);
			defaultConfigurationIsVisible = 0;
			defaultConfigurationName = Release;
		};
		991ADE5229143D5A00E1CBF2 /* Build configuration list for PBXNativeTarget "Todoeey" */ = {
			isa = XCConfigurationList;
			buildConfigurations = (
				991ADE5329143D5A00E1CBF2 /* Debug */,
				991ADE5429143D5A00E1CBF2 /* Release */,
			);
			defaultConfigurationIsVisible = 0;
			defaultConfigurationName = Release;
		};
/* End XCConfigurationList section */

/* Begin XCVersionGroup section */
		991ADE582918531100E1CBF2 /* DataModel.xcdatamodeld */ = {
			isa = XCVersionGroup;
			children = (
				991ADE592918531100E1CBF2 /* DataModel.xcdatamodel */,
			);
			currentVersion = 991ADE592918531100E1CBF2 /* DataModel.xcdatamodel */;
			path = DataModel.xcdatamodeld;
			sourceTree = "<group>";
			versionGroupType = wrapper.xcdatamodel;
		};
/* End XCVersionGroup section */
	};
	rootObject = 991ADE3629143D5800E1CBF2 /* Project object */;
}
